
Microsoft Visual Studio Solution File, Format Version 12.00
# Visual Studio Version 17
VisualStudioVersion = 17.3.32819.101
MinimumVisualStudioVersion = 10.0.40219.1
Project("{888888A0-9F3D-457C-B088-3A5042F75D52}") = "FlaskWebProject2", "FlaskWebProject2\FlaskWebProject2.pyproj", "{39B2D932-4FB8-4071-A184-85B452F3416D}"
EndProject
Global
	GlobalSection(SolutionConfigurationPlatforms) = preSolution
		Debug|Any CPU = Debug|Any CPU
		Release|Any CPU = Release|Any CPU
	EndGlobalSection
	GlobalSection(ProjectConfigurationPlatforms) = postSolution
		{39B2D932-4FB8-4071-A184-85B452F3416D}.Debug|Any CPU.ActiveCfg = Debug|Any CPU
		{39B2D932-4FB8-4071-A184-85B452F3416D}.Debug|Any CPU.Build.0 = Debug|Any CPU
		{39B2D932-4FB8-4071-A184-85B452F3416D}.Release|Any CPU.ActiveCfg = Release|Any CPU
		{39B2D932-4FB8-4071-A184-85B452F3416D}.Release|Any CPU.Build.0 = Release|Any CPU
	EndGlobalSection
	GlobalSection(SolutionProperties) = preSolution
		HideSolutionNode = FALSE
	EndGlobalSection
	GlobalSection(ExtensibilityGlobals) = postSolution
		SolutionGuid = {84204451-D77E-4BAD-8802-E563FF1968C6}
	EndGlobalSection
EndGlobal
